
Microsoft Visual Studio Solution File, Format Version 12.00
# Visual Studio Version 17
VisualStudioVersion = 17.9.34701.34
MinimumVisualStudioVersion = 10.0.40219.1
Project("{FAE04EC0-301F-11D3-BF4B-00C04F79EFBC}") = "NumerologicalLifePath", "NumerologicalLifePath\NumerologicalLifePath.csproj", "{02AD7F54-3F05-4A32-A98D-1CA0E507F075}"
EndProject
Project("{FAE04EC0-301F-11D3-BF4B-00C04F79EFBC}") = "NumerologicalLifePath.Tests", "NumerologicalLifePath.Tests\NumerologicalLifePath.Tests.csproj", "{791FB3E3-26EB-4177-A377-8F468D0E7882}"
EndProject
Global
	GlobalSection(SolutionConfigurationPlatforms) = preSolution
		Debug|Any CPU = Debug|Any CPU
		Release|Any CPU = Release|Any CPU
	EndGlobalSection
	GlobalSection(ProjectConfigurationPlatforms) = postSolution
		{02AD7F54-3F05-4A32-A98D-1CA0E507F075}.Debug|Any CPU.ActiveCfg = Debug|Any CPU
		{02AD7F54-3F05-4A32-A98D-1CA0E507F075}.Debug|Any CPU.Build.0 = Debug|Any CPU
		{02AD7F54-3F05-4A32-A98D-1CA0E507F075}.Release|Any CPU.ActiveCfg = Release|Any CPU
		{02AD7F54-3F05-4A32-A98D-1CA0E507F075}.Release|Any CPU.Build.0 = Release|Any CPU
		{791FB3E3-26EB-4177-A377-8F468D0E7882}.Debug|Any CPU.ActiveCfg = Debug|Any CPU
		{791FB3E3-26EB-4177-A377-8F468D0E7882}.Debug|Any CPU.Build.0 = Debug|Any CPU
		{791FB3E3-26EB-4177-A377-8F468D0E7882}.Release|Any CPU.ActiveCfg = Release|Any CPU
		{791FB3E3-26EB-4177-A377-8F468D0E7882}.Release|Any CPU.Build.0 = Release|Any CPU
	EndGlobalSection
	GlobalSection(SolutionProperties) = preSolution
		HideSolutionNode = FALSE
	EndGlobalSection
	GlobalSection(ExtensibilityGlobals) = postSolution
		SolutionGuid = {C47562F2-B516-4330-970D-3D291F037381}
	EndGlobalSection
EndGlobal
