
Microsoft Visual Studio Solution File, Format Version 12.00
# Visual Studio Version 17
VisualStudioVersion = 17.9.34701.34
MinimumVisualStudioVersion = 10.0.40219.1
Project("{9A19103F-16F7-4668-BE54-9A1E7A4F7556}") = "NumerologicalLifePath.Sdk", "NumerologicalLifePath\NumerologicalLifePath.Sdk.csproj", "{02AD7F54-3F05-4A32-A98D-1CA0E507F075}"
EndProject
Project("{9A19103F-16F7-4668-BE54-9A1E7A4F7556}") = "NumerologicalLifePath.Tests", "NumerologicalLifePath.Tests\NumerologicalLifePath.Tests.csproj", "{791FB3E3-26EB-4177-A377-8F468D0E7882}"
EndProject
Project("{2150E333-8FDC-42A3-9474-1A3956D46DE8}") = "Extra", "Extra", "{F2B06FEC-E8FA-45FB-A468-E1B0BD51BB8B}"
	ProjectSection(SolutionItems) = preProject
		CHANGELOG.md = CHANGELOG.md
		.config\dotnet-tools.json = .config\dotnet-tools.json
		README.md = README.md
		stryker-config.json = stryker-config.json
	EndProjectSection
EndProject
Project("{9A19103F-16F7-4668-BE54-9A1E7A4F7556}") = "NumerologicalLifePath.Application", "NumerologicalLifePath.Application\NumerologicalLifePath.Application.csproj", "{BFD7AA53-3288-4CB1-86FD-562F813F59B3}"
EndProject
Project("{2150E333-8FDC-42A3-9474-1A3956D46DE8}") = ".gitHub", ".gitHub", "{3E3C4830-1AC8-4E66-9220-4B036DF32B92}"
	ProjectSection(SolutionItems) = preProject
		.github\dependabot.yml = .github\dependabot.yml
	EndProjectSection
EndProject
Project("{2150E333-8FDC-42A3-9474-1A3956D46DE8}") = "workflow", "workflow", "{E9B4C52D-9235-417B-83E1-8A62B2B205B7}"
	ProjectSection(SolutionItems) = preProject
		.github\workflows\CI.yml = .github\workflows\CI.yml
		.github\workflows\QuickBuildCI.yml = .github\workflows\QuickBuildCI.yml
		.github\workflows\Release.yml = .github\workflows\Release.yml
	EndProjectSection
EndProject
Project("{2150E333-8FDC-42A3-9474-1A3956D46DE8}") = "Tests", "Tests", "{51D11A57-C66D-4D45-89E0-D839C8B45BF6}"
EndProject
Project("{2150E333-8FDC-42A3-9474-1A3956D46DE8}") = "Sources", "Sources", "{D7439BEC-7AE3-4DA0-A89A-8EA174C78DF9}"
EndProject
Global
	GlobalSection(SolutionConfigurationPlatforms) = preSolution
		Debug|Any CPU = Debug|Any CPU
		Release|Any CPU = Release|Any CPU
	EndGlobalSection
	GlobalSection(ProjectConfigurationPlatforms) = postSolution
		{02AD7F54-3F05-4A32-A98D-1CA0E507F075}.Debug|Any CPU.ActiveCfg = Debug|Any CPU
		{02AD7F54-3F05-4A32-A98D-1CA0E507F075}.Debug|Any CPU.Build.0 = Debug|Any CPU
		{02AD7F54-3F05-4A32-A98D-1CA0E507F075}.Release|Any CPU.ActiveCfg = Release|Any CPU
		{02AD7F54-3F05-4A32-A98D-1CA0E507F075}.Release|Any CPU.Build.0 = Release|Any CPU
		{791FB3E3-26EB-4177-A377-8F468D0E7882}.Debug|Any CPU.ActiveCfg = Debug|Any CPU
		{791FB3E3-26EB-4177-A377-8F468D0E7882}.Debug|Any CPU.Build.0 = Debug|Any CPU
		{791FB3E3-26EB-4177-A377-8F468D0E7882}.Release|Any CPU.ActiveCfg = Release|Any CPU
		{791FB3E3-26EB-4177-A377-8F468D0E7882}.Release|Any CPU.Build.0 = Release|Any CPU
		{BFD7AA53-3288-4CB1-86FD-562F813F59B3}.Debug|Any CPU.ActiveCfg = Debug|Any CPU
		{BFD7AA53-3288-4CB1-86FD-562F813F59B3}.Debug|Any CPU.Build.0 = Debug|Any CPU
		{BFD7AA53-3288-4CB1-86FD-562F813F59B3}.Release|Any CPU.ActiveCfg = Release|Any CPU
		{BFD7AA53-3288-4CB1-86FD-562F813F59B3}.Release|Any CPU.Build.0 = Release|Any CPU
	EndGlobalSection
	GlobalSection(SolutionProperties) = preSolution
		HideSolutionNode = FALSE
	EndGlobalSection
	GlobalSection(NestedProjects) = preSolution
		{02AD7F54-3F05-4A32-A98D-1CA0E507F075} = {D7439BEC-7AE3-4DA0-A89A-8EA174C78DF9}
		{791FB3E3-26EB-4177-A377-8F468D0E7882} = {51D11A57-C66D-4D45-89E0-D839C8B45BF6}
		{BFD7AA53-3288-4CB1-86FD-562F813F59B3} = {D7439BEC-7AE3-4DA0-A89A-8EA174C78DF9}
		{3E3C4830-1AC8-4E66-9220-4B036DF32B92} = {F2B06FEC-E8FA-45FB-A468-E1B0BD51BB8B}
		{E9B4C52D-9235-417B-83E1-8A62B2B205B7} = {3E3C4830-1AC8-4E66-9220-4B036DF32B92}
	EndGlobalSection
	GlobalSection(ExtensibilityGlobals) = postSolution
		SolutionGuid = {C47562F2-B516-4330-970D-3D291F037381}
	EndGlobalSection
EndGlobal
